
Microsoft Visual Studio Solution File, Format Version 12.00
# Visual Studio Version 17
VisualStudioVersion = 17.14.36511.14
MinimumVisualStudioVersion = 10.0.40219.1
Project("{2150E333-8FDC-42A3-9474-1A3956D46DE8}") = "Task0", "Task0", "{02EA681E-C7D8-13C7-8484-4AC65E1B71E8}"
EndProject
Project("{FAE04EC0-301F-11D3-BF4B-00C04F79EFBC}") = "Tyuiu.ChepragaDM.Sprint5.Task0.V23.Test", "Tyuiu.ChepragaDM.Sprint5.Task0.V23.Test\Tyuiu.ChepragaDM.Sprint5.Task0.V23.Test.csproj", "{808DB822-B764-438E-AC35-3E90B328357D}"
EndProject
Project("{FAE04EC0-301F-11D3-BF4B-00C04F79EFBC}") = "Tyuiu.ChepragaDM.Sprint5.Task0.V23.Lib", "Tyuiu.ChepragaDM.Sprint5.Task0.V23.Lib\Tyuiu.ChepragaDM.Sprint5.Task0.V23.Lib.csproj", "{757DAAD2-EB0B-4799-A9FE-EF60E414C74C}"
EndProject
Project("{FAE04EC0-301F-11D3-BF4B-00C04F79EFBC}") = "Tyuiu.ChepragaDM.Sprint5.Task0.V23", "Tyuiu.ChepragaDM.Sprint5.Task0.V23\Tyuiu.ChepragaDM.Sprint5.Task0.V23.csproj", "{896491C8-9AB8-4B7B-9A8B-477C0D1F0BC9}"
EndProject
Project("{2150E333-8FDC-42A3-9474-1A3956D46DE8}") = "Task1", "Task1", "{3E82B170-B2FD-4841-985C-D9E5EBBA0622}"
EndProject
Project("{FAE04EC0-301F-11D3-BF4B-00C04F79EFBC}") = "Tyuiu.ChepragaDM.Sprint5.Task1.V11", "Tyuiu.ChepragaDM.Sprint5.Task1.V11\Tyuiu.ChepragaDM.Sprint5.Task1.V11.csproj", "{2677282F-ACC1-4925-99EF-BB0E4596470D}"
EndProject
Project("{FAE04EC0-301F-11D3-BF4B-00C04F79EFBC}") = "Tyuiu.ChepragaDM.Sprint5.Task1.V11.Lib", "Tyuiu.ChepragaDM.Sprint5.Task1.V11.Lib\Tyuiu.ChepragaDM.Sprint5.Task1.V11.Lib.csproj", "{0F5DE078-1030-47DD-BA1E-20EBD59A57C4}"
EndProject
Project("{FAE04EC0-301F-11D3-BF4B-00C04F79EFBC}") = "Tyuiu.ChepragaDM.Sprint5.Task1.V11.Test", "Tyuiu.ChepragaDM.Sprint5.Task1.V11.Test\Tyuiu.ChepragaDM.Sprint5.Task1.V11.Test.csproj", "{F2212501-A95E-4ECE-830A-BE4295FE29FD}"
EndProject
Project("{2150E333-8FDC-42A3-9474-1A3956D46DE8}") = "Task2", "Task2", "{27B1ADE5-85C8-4098-B692-AFA1668D6926}"
EndProject
Project("{FAE04EC0-301F-11D3-BF4B-00C04F79EFBC}") = "Tyuiu.ChepragaDM.Sprint5.Task2.V24.Test", "Tyuiu.ChepragaDM.Sprint5.Task2.V24.Test\Tyuiu.ChepragaDM.Sprint5.Task2.V24.Test.csproj", "{EB182D02-07E1-4B39-9259-F9FF9D0ACB44}"
EndProject
Project("{FAE04EC0-301F-11D3-BF4B-00C04F79EFBC}") = "Tyuiu.ChepragaDM.Sprint5.Task2.V24.Lib", "Tyuiu.ChepragaDM.Sprint5.Task2.V24.Lib\Tyuiu.ChepragaDM.Sprint5.Task2.V24.Lib.csproj", "{2E03D067-3526-4675-95E5-A63547CF83AC}"
EndProject
Project("{FAE04EC0-301F-11D3-BF4B-00C04F79EFBC}") = "Tyuiu.ChepragaDM.Sprint5.Task2.V24", "Tyuiu.ChepragaDM.Sprint5.Task2.V24\Tyuiu.ChepragaDM.Sprint5.Task2.V24.csproj", "{3112B13C-66A5-4785-BCF2-B993F52CE0CA}"
EndProject
Project("{2150E333-8FDC-42A3-9474-1A3956D46DE8}") = "Task3", "Task3", "{2757DC97-23E0-4766-8C1B-12810F7EF712}"
EndProject
Project("{FAE04EC0-301F-11D3-BF4B-00C04F79EFBC}") = "Tyuiu.ChepragaDM.Sprint5.Task3.V22", "Tyuiu.ChepragaDM.Sprint5.Task3.V22\Tyuiu.ChepragaDM.Sprint5.Task3.V22.csproj", "{3683FF65-BD4C-4573-B45B-DCE9C268B1B6}"
EndProject
Project("{FAE04EC0-301F-11D3-BF4B-00C04F79EFBC}") = "Tyuiu.ChepragaDM.Sprint5.Task3.V22.Lib", "Tyuiu.ChepragaDM.Sprint5.Task3.V22.Lib\Tyuiu.ChepragaDM.Sprint5.Task3.V22.Lib.csproj", "{E225E3B5-F0FA-4948-92FF-DC18CF55E94F}"
EndProject
Project("{FAE04EC0-301F-11D3-BF4B-00C04F79EFBC}") = "Tyuiu.ChepragaDM.Sprint5.Task3.V22.Test", "Tyuiu.ChepragaDM.Sprint5.Task3.V22.Test\Tyuiu.ChepragaDM.Sprint5.Task3.V22.Test.csproj", "{14DB0EC3-D74D-45CC-87AA-BC74389309C4}"
EndProject
Project("{2150E333-8FDC-42A3-9474-1A3956D46DE8}") = "Task4", "Task4", "{F8E2CA79-18C4-4D3A-857E-761BE53D1B22}"
EndProject
Project("{FAE04EC0-301F-11D3-BF4B-00C04F79EFBC}") = "Tyuiu.ChepragaDM.Sprint5.Task4.V6", "Tyuiu.ChepragaDM.Sprint5.Task4.V6\Tyuiu.ChepragaDM.Sprint5.Task4.V6.csproj", "{782C83AE-C8CA-4DD4-AC60-B0F3D2C6D78C}"
EndProject
Project("{FAE04EC0-301F-11D3-BF4B-00C04F79EFBC}") = "Tyuiu.ChepragaDM.Sprint5.Task4.V6.Lib", "Tyuiu.ChepragaDM.Sprint5.Task4.V6.Lib\Tyuiu.ChepragaDM.Sprint5.Task4.V6.Lib.csproj", "{3EB88BCE-4165-4DF7-AC5A-966BF38648F8}"
EndProject
Project("{FAE04EC0-301F-11D3-BF4B-00C04F79EFBC}") = "Tyuiu.ChepragaDM.Sprint5.Task4.V6.Test", "Tyuiu.ChepragaDM.Sprint5.Task4.V6.Test\Tyuiu.ChepragaDM.Sprint5.Task4.V6.Test.csproj", "{B016DF61-8664-4612-BA58-D0CACEF6F26F}"
EndProject
Project("{2150E333-8FDC-42A3-9474-1A3956D46DE8}") = "Task5", "Task5", "{9AF97DD6-E40C-45A8-B678-99DDF0400059}"
EndProject
Project("{FAE04EC0-301F-11D3-BF4B-00C04F79EFBC}") = "Tyuiu.ChepragaDM.Sprint5.Task5.V13", "Tyuiu.ChepragaDM.Sprint5.Task5.V13\Tyuiu.ChepragaDM.Sprint5.Task5.V13.csproj", "{CEB36DD4-C485-467D-BAB6-2B946371B05D}"
EndProject
Project("{FAE04EC0-301F-11D3-BF4B-00C04F79EFBC}") = "Tyuiu.ChepragaDM.Sprint5.Task5.V13.Test", "Tyuiu.ChepragaDM.Sprint5.Task5.V13.Test\Tyuiu.ChepragaDM.Sprint5.Task5.V13.Test.csproj", "{8C146E3B-5DC9-449C-A3FB-01C1537CFDD9}"
EndProject
Project("{FAE04EC0-301F-11D3-BF4B-00C04F79EFBC}") = "Tyuiu.ChepragaDM.Sprint5.Task5.V13.Lib", "Tyuiu.ChepragaDM.Sprint5.Task5.V13.Lib\Tyuiu.ChepragaDM.Sprint5.Task5.V13.Lib.csproj", "{5268527A-167E-4864-A4F4-55A5769BF211}"
EndProject
Project("{2150E333-8FDC-42A3-9474-1A3956D46DE8}") = "Task6", "Task6", "{5E596136-2230-4047-B58E-66FA5AE83263}"
EndProject
Project("{FAE04EC0-301F-11D3-BF4B-00C04F79EFBC}") = "Tyuiu.ChepragaDM.Sprint5.Task6.V20", "Tyuiu.ChepragaDM.Sprint5.Task6.V20\Tyuiu.ChepragaDM.Sprint5.Task6.V20.csproj", "{823BB2F9-7CCC-48BC-A668-E12BABD02C4A}"
EndProject
Project("{FAE04EC0-301F-11D3-BF4B-00C04F79EFBC}") = "Tyuiu.ChepragaDM.Sprint5.Task6.V20.Lib", "Tyuiu.ChepragaDM.Sprint5.Task6.V20.Lib\Tyuiu.ChepragaDM.Sprint5.Task6.V20.Lib.csproj", "{2A457834-8F13-46B2-92F3-A1C1D72F3619}"
EndProject
Project("{FAE04EC0-301F-11D3-BF4B-00C04F79EFBC}") = "Tyuiu.ChepragaDM.Sprint5.Task6.V20.Test", "Tyuiu.ChepragaDM.Sprint5.Task6.V20.Test\Tyuiu.ChepragaDM.Sprint5.Task6.V20.Test.csproj", "{FBDF1B5B-279F-45A9-AEE3-1624031A5E1B}"
EndProject
Global
	GlobalSection(SolutionConfigurationPlatforms) = preSolution
		Debug|Any CPU = Debug|Any CPU
		Release|Any CPU = Release|Any CPU
	EndGlobalSection
	GlobalSection(ProjectConfigurationPlatforms) = postSolution
		{808DB822-B764-438E-AC35-3E90B328357D}.Debug|Any CPU.ActiveCfg = Debug|Any CPU
		{808DB822-B764-438E-AC35-3E90B328357D}.Debug|Any CPU.Build.0 = Debug|Any CPU
		{808DB822-B764-438E-AC35-3E90B328357D}.Release|Any CPU.ActiveCfg = Release|Any CPU
		{808DB822-B764-438E-AC35-3E90B328357D}.Release|Any CPU.Build.0 = Release|Any CPU
		{757DAAD2-EB0B-4799-A9FE-EF60E414C74C}.Debug|Any CPU.ActiveCfg = Debug|Any CPU
		{757DAAD2-EB0B-4799-A9FE-EF60E414C74C}.Debug|Any CPU.Build.0 = Debug|Any CPU
		{757DAAD2-EB0B-4799-A9FE-EF60E414C74C}.Release|Any CPU.ActiveCfg = Release|Any CPU
		{757DAAD2-EB0B-4799-A9FE-EF60E414C74C}.Release|Any CPU.Build.0 = Release|Any CPU
		{896491C8-9AB8-4B7B-9A8B-477C0D1F0BC9}.Debug|Any CPU.ActiveCfg = Debug|Any CPU
		{896491C8-9AB8-4B7B-9A8B-477C0D1F0BC9}.Debug|Any CPU.Build.0 = Debug|Any CPU
		{896491C8-9AB8-4B7B-9A8B-477C0D1F0BC9}.Release|Any CPU.ActiveCfg = Release|Any CPU
		{896491C8-9AB8-4B7B-9A8B-477C0D1F0BC9}.Release|Any CPU.Build.0 = Release|Any CPU
		{2677282F-ACC1-4925-99EF-BB0E4596470D}.Debug|Any CPU.ActiveCfg = Debug|Any CPU
		{2677282F-ACC1-4925-99EF-BB0E4596470D}.Debug|Any CPU.Build.0 = Debug|Any CPU
		{2677282F-ACC1-4925-99EF-BB0E4596470D}.Release|Any CPU.ActiveCfg = Release|Any CPU
		{2677282F-ACC1-4925-99EF-BB0E4596470D}.Release|Any CPU.Build.0 = Release|Any CPU
		{0F5DE078-1030-47DD-BA1E-20EBD59A57C4}.Debug|Any CPU.ActiveCfg = Debug|Any CPU
		{0F5DE078-1030-47DD-BA1E-20EBD59A57C4}.Debug|Any CPU.Build.0 = Debug|Any CPU
		{0F5DE078-1030-47DD-BA1E-20EBD59A57C4}.Release|Any CPU.ActiveCfg = Release|Any CPU
		{0F5DE078-1030-47DD-BA1E-20EBD59A57C4}.Release|Any CPU.Build.0 = Release|Any CPU
		{F2212501-A95E-4ECE-830A-BE4295FE29FD}.Debug|Any CPU.ActiveCfg = Debug|Any CPU
		{F2212501-A95E-4ECE-830A-BE4295FE29FD}.Debug|Any CPU.Build.0 = Debug|Any CPU
		{F2212501-A95E-4ECE-830A-BE4295FE29FD}.Release|Any CPU.ActiveCfg = Release|Any CPU
		{F2212501-A95E-4ECE-830A-BE4295FE29FD}.Release|Any CPU.Build.0 = Release|Any CPU
		{EB182D02-07E1-4B39-9259-F9FF9D0ACB44}.Debug|Any CPU.ActiveCfg = Debug|Any CPU
		{EB182D02-07E1-4B39-9259-F9FF9D0ACB44}.Debug|Any CPU.Build.0 = Debug|Any CPU
		{EB182D02-07E1-4B39-9259-F9FF9D0ACB44}.Release|Any CPU.ActiveCfg = Release|Any CPU
		{EB182D02-07E1-4B39-9259-F9FF9D0ACB44}.Release|Any CPU.Build.0 = Release|Any CPU
		{2E03D067-3526-4675-95E5-A63547CF83AC}.Debug|Any CPU.ActiveCfg = Debug|Any CPU
		{2E03D067-3526-4675-95E5-A63547CF83AC}.Debug|Any CPU.Build.0 = Debug|Any CPU
		{2E03D067-3526-4675-95E5-A63547CF83AC}.Release|Any CPU.ActiveCfg = Release|Any CPU
		{2E03D067-3526-4675-95E5-A63547CF83AC}.Release|Any CPU.Build.0 = Release|Any CPU
		{3112B13C-66A5-4785-BCF2-B993F52CE0CA}.Debug|Any CPU.ActiveCfg = Debug|Any CPU
		{3112B13C-66A5-4785-BCF2-B993F52CE0CA}.Debug|Any CPU.Build.0 = Debug|Any CPU
		{3112B13C-66A5-4785-BCF2-B993F52CE0CA}.Release|Any CPU.ActiveCfg = Release|Any CPU
		{3112B13C-66A5-4785-BCF2-B993F52CE0CA}.Release|Any CPU.Build.0 = Release|Any CPU
		{3683FF65-BD4C-4573-B45B-DCE9C268B1B6}.Debug|Any CPU.ActiveCfg = Debug|Any CPU
		{3683FF65-BD4C-4573-B45B-DCE9C268B1B6}.Debug|Any CPU.Build.0 = Debug|Any CPU
		{3683FF65-BD4C-4573-B45B-DCE9C268B1B6}.Release|Any CPU.ActiveCfg = Release|Any CPU
		{3683FF65-BD4C-4573-B45B-DCE9C268B1B6}.Release|Any CPU.Build.0 = Release|Any CPU
		{E225E3B5-F0FA-4948-92FF-DC18CF55E94F}.Debug|Any CPU.ActiveCfg = Debug|Any CPU
		{E225E3B5-F0FA-4948-92FF-DC18CF55E94F}.Debug|Any CPU.Build.0 = Debug|Any CPU
		{E225E3B5-F0FA-4948-92FF-DC18CF55E94F}.Release|Any CPU.ActiveCfg = Release|Any CPU
		{E225E3B5-F0FA-4948-92FF-DC18CF55E94F}.Release|Any CPU.Build.0 = Release|Any CPU
		{14DB0EC3-D74D-45CC-87AA-BC74389309C4}.Debug|Any CPU.ActiveCfg = Debug|Any CPU
		{14DB0EC3-D74D-45CC-87AA-BC74389309C4}.Debug|Any CPU.Build.0 = Debug|Any CPU
		{14DB0EC3-D74D-45CC-87AA-BC74389309C4}.Release|Any CPU.ActiveCfg = Release|Any CPU
		{14DB0EC3-D74D-45CC-87AA-BC74389309C4}.Release|Any CPU.Build.0 = Release|Any CPU
		{782C83AE-C8CA-4DD4-AC60-B0F3D2C6D78C}.Debug|Any CPU.ActiveCfg = Debug|Any CPU
		{782C83AE-C8CA-4DD4-AC60-B0F3D2C6D78C}.Debug|Any CPU.Build.0 = Debug|Any CPU
		{782C83AE-C8CA-4DD4-AC60-B0F3D2C6D78C}.Release|Any CPU.ActiveCfg = Release|Any CPU
		{782C83AE-C8CA-4DD4-AC60-B0F3D2C6D78C}.Release|Any CPU.Build.0 = Release|Any CPU
		{3EB88BCE-4165-4DF7-AC5A-966BF38648F8}.Debug|Any CPU.ActiveCfg = Debug|Any CPU
		{3EB88BCE-4165-4DF7-AC5A-966BF38648F8}.Debug|Any CPU.Build.0 = Debug|Any CPU
		{3EB88BCE-4165-4DF7-AC5A-966BF38648F8}.Release|Any CPU.ActiveCfg = Release|Any CPU
		{3EB88BCE-4165-4DF7-AC5A-966BF38648F8}.Release|Any CPU.Build.0 = Release|Any CPU
		{B016DF61-8664-4612-BA58-D0CACEF6F26F}.Debug|Any CPU.ActiveCfg = Debug|Any CPU
		{B016DF61-8664-4612-BA58-D0CACEF6F26F}.Debug|Any CPU.Build.0 = Debug|Any CPU
		{B016DF61-8664-4612-BA58-D0CACEF6F26F}.Release|Any CPU.ActiveCfg = Release|Any CPU
		{B016DF61-8664-4612-BA58-D0CACEF6F26F}.Release|Any CPU.Build.0 = Release|Any CPU
		{CEB36DD4-C485-467D-BAB6-2B946371B05D}.Debug|Any CPU.ActiveCfg = Debug|Any CPU
		{CEB36DD4-C485-467D-BAB6-2B946371B05D}.Debug|Any CPU.Build.0 = Debug|Any CPU
		{CEB36DD4-C485-467D-BAB6-2B946371B05D}.Release|Any CPU.ActiveCfg = Release|Any CPU
		{CEB36DD4-C485-467D-BAB6-2B946371B05D}.Release|Any CPU.Build.0 = Release|Any CPU
		{8C146E3B-5DC9-449C-A3FB-01C1537CFDD9}.Debug|Any CPU.ActiveCfg = Debug|Any CPU
		{8C146E3B-5DC9-449C-A3FB-01C1537CFDD9}.Debug|Any CPU.Build.0 = Debug|Any CPU
		{8C146E3B-5DC9-449C-A3FB-01C1537CFDD9}.Release|Any CPU.ActiveCfg = Release|Any CPU
		{8C146E3B-5DC9-449C-A3FB-01C1537CFDD9}.Release|Any CPU.Build.0 = Release|Any CPU
		{5268527A-167E-4864-A4F4-55A5769BF211}.Debug|Any CPU.ActiveCfg = Debug|Any CPU
		{5268527A-167E-4864-A4F4-55A5769BF211}.Debug|Any CPU.Build.0 = Debug|Any CPU
		{5268527A-167E-4864-A4F4-55A5769BF211}.Release|Any CPU.ActiveCfg = Release|Any CPU
		{5268527A-167E-4864-A4F4-55A5769BF211}.Release|Any CPU.Build.0 = Release|Any CPU
		{823BB2F9-7CCC-48BC-A668-E12BABD02C4A}.Debug|Any CPU.ActiveCfg = Debug|Any CPU
		{823BB2F9-7CCC-48BC-A668-E12BABD02C4A}.Debug|Any CPU.Build.0 = Debug|Any CPU
		{823BB2F9-7CCC-48BC-A668-E12BABD02C4A}.Release|Any CPU.ActiveCfg = Release|Any CPU
		{823BB2F9-7CCC-48BC-A668-E12BABD02C4A}.Release|Any CPU.Build.0 = Release|Any CPU
		{2A457834-8F13-46B2-92F3-A1C1D72F3619}.Debug|Any CPU.ActiveCfg = Debug|Any CPU
		{2A457834-8F13-46B2-92F3-A1C1D72F3619}.Debug|Any CPU.Build.0 = Debug|Any CPU
		{2A457834-8F13-46B2-92F3-A1C1D72F3619}.Release|Any CPU.ActiveCfg = Release|Any CPU
		{2A457834-8F13-46B2-92F3-A1C1D72F3619}.Release|Any CPU.Build.0 = Release|Any CPU
		{FBDF1B5B-279F-45A9-AEE3-1624031A5E1B}.Debug|Any CPU.ActiveCfg = Debug|Any CPU
		{FBDF1B5B-279F-45A9-AEE3-1624031A5E1B}.Debug|Any CPU.Build.0 = Debug|Any CPU
		{FBDF1B5B-279F-45A9-AEE3-1624031A5E1B}.Release|Any CPU.ActiveCfg = Release|Any CPU
		{FBDF1B5B-279F-45A9-AEE3-1624031A5E1B}.Release|Any CPU.Build.0 = Release|Any CPU
	EndGlobalSection
	GlobalSection(SolutionProperties) = preSolution
		HideSolutionNode = FALSE
	EndGlobalSection
	GlobalSection(NestedProjects) = preSolution
		{808DB822-B764-438E-AC35-3E90B328357D} = {02EA681E-C7D8-13C7-8484-4AC65E1B71E8}
		{757DAAD2-EB0B-4799-A9FE-EF60E414C74C} = {02EA681E-C7D8-13C7-8484-4AC65E1B71E8}
		{896491C8-9AB8-4B7B-9A8B-477C0D1F0BC9} = {02EA681E-C7D8-13C7-8484-4AC65E1B71E8}
		{2677282F-ACC1-4925-99EF-BB0E4596470D} = {3E82B170-B2FD-4841-985C-D9E5EBBA0622}
		{0F5DE078-1030-47DD-BA1E-20EBD59A57C4} = {3E82B170-B2FD-4841-985C-D9E5EBBA0622}
		{F2212501-A95E-4ECE-830A-BE4295FE29FD} = {3E82B170-B2FD-4841-985C-D9E5EBBA0622}
		{EB182D02-07E1-4B39-9259-F9FF9D0ACB44} = {27B1ADE5-85C8-4098-B692-AFA1668D6926}
		{2E03D067-3526-4675-95E5-A63547CF83AC} = {27B1ADE5-85C8-4098-B692-AFA1668D6926}
		{3112B13C-66A5-4785-BCF2-B993F52CE0CA} = {27B1ADE5-85C8-4098-B692-AFA1668D6926}
		{3683FF65-BD4C-4573-B45B-DCE9C268B1B6} = {2757DC97-23E0-4766-8C1B-12810F7EF712}
		{E225E3B5-F0FA-4948-92FF-DC18CF55E94F} = {2757DC97-23E0-4766-8C1B-12810F7EF712}
		{14DB0EC3-D74D-45CC-87AA-BC74389309C4} = {2757DC97-23E0-4766-8C1B-12810F7EF712}
		{782C83AE-C8CA-4DD4-AC60-B0F3D2C6D78C} = {F8E2CA79-18C4-4D3A-857E-761BE53D1B22}
		{3EB88BCE-4165-4DF7-AC5A-966BF38648F8} = {F8E2CA79-18C4-4D3A-857E-761BE53D1B22}
		{B016DF61-8664-4612-BA58-D0CACEF6F26F} = {F8E2CA79-18C4-4D3A-857E-761BE53D1B22}
		{CEB36DD4-C485-467D-BAB6-2B946371B05D} = {9AF97DD6-E40C-45A8-B678-99DDF0400059}
		{8C146E3B-5DC9-449C-A3FB-01C1537CFDD9} = {9AF97DD6-E40C-45A8-B678-99DDF0400059}
		{5268527A-167E-4864-A4F4-55A5769BF211} = {9AF97DD6-E40C-45A8-B678-99DDF0400059}
		{823BB2F9-7CCC-48BC-A668-E12BABD02C4A} = {5E596136-2230-4047-B58E-66FA5AE83263}
		{2A457834-8F13-46B2-92F3-A1C1D72F3619} = {5E596136-2230-4047-B58E-66FA5AE83263}
		{FBDF1B5B-279F-45A9-AEE3-1624031A5E1B} = {5E596136-2230-4047-B58E-66FA5AE83263}
	EndGlobalSection
	GlobalSection(ExtensibilityGlobals) = postSolution
		SolutionGuid = {6A9E9C6C-44FD-4397-972A-B915BB30B042}
	EndGlobalSection
EndGlobal
